
Microsoft Visual Studio Solution File, Format Version 12.00
# Visual Studio Version 16
VisualStudioVersion = 16.0.29728.190
MinimumVisualStudioVersion = 10.0.40219.1
Project("{FAE04EC0-301F-11D3-BF4B-00C04F79EFBC}") = "Calculform", "Calculform\Calculform.csproj", "{89F05AC2-05B0-4977-924B-B528162A0BFE}"
EndProject
Global
	GlobalSection(SolutionConfigurationPlatforms) = preSolution
		Debug|Any CPU = Debug|Any CPU
		Release|Any CPU = Release|Any CPU
	EndGlobalSection
	GlobalSection(ProjectConfigurationPlatforms) = postSolution
		{89F05AC2-05B0-4977-924B-B528162A0BFE}.Debug|Any CPU.ActiveCfg = Debug|Any CPU
		{89F05AC2-05B0-4977-924B-B528162A0BFE}.Debug|Any CPU.Build.0 = Debug|Any CPU
		{89F05AC2-05B0-4977-924B-B528162A0BFE}.Release|Any CPU.ActiveCfg = Release|Any CPU
		{89F05AC2-05B0-4977-924B-B528162A0BFE}.Release|Any CPU.Build.0 = Release|Any CPU
	EndGlobalSection
	GlobalSection(SolutionProperties) = preSolution
		HideSolutionNode = FALSE
	EndGlobalSection
	GlobalSection(ExtensibilityGlobals) = postSolution
		SolutionGuid = {0FB546AB-A0AD-49FD-A4E8-9790C215FE1F}
	EndGlobalSection
EndGlobal
